
Microsoft Visual Studio Solution File, Format Version 12.00
# Visual Studio 2013
VisualStudioVersion = 12.0.40629.0
MinimumVisualStudioVersion = 10.0.40219.1
Project("{FAE04EC0-301F-11D3-BF4B-00C04F79EFBC}") = "LibControles", "LibControles\LibControles.csproj", "{A5A4936C-22D5-4862-953E-8296C3820A63}"
EndProject
Project("{FAE04EC0-301F-11D3-BF4B-00C04F79EFBC}") = "ModVentaAdm", "ModVentaAdm\ModVentaAdm.csproj", "{C535B8D1-86C3-47B1-BE9F-AE716AEF2187}"
EndProject
Project("{2150E333-8FDC-42A3-9474-1A3956D46DE8}") = "BackEnd", "BackEnd", "{9EE64EA4-9140-43F4-8098-CB902F608F23}"
EndProject
Project("{2150E333-8FDC-42A3-9474-1A3956D46DE8}") = "Service", "Service", "{355F2CC8-7391-46CB-ADCB-C834F61F533D}"
EndProject
Project("{2150E333-8FDC-42A3-9474-1A3956D46DE8}") = "DTO", "DTO", "{E2165F85-2C4E-425D-BBB1-1E12B64D2FCA}"
EndProject
Project("{FAE04EC0-301F-11D3-BF4B-00C04F79EFBC}") = "DtoLib", "DtoLib\DtoLib.csproj", "{317543D0-B357-4BBA-8BA1-84FA25F4EFA6}"
EndProject
Project("{FAE04EC0-301F-11D3-BF4B-00C04F79EFBC}") = "DtoLibPos", "DtoLibPos\DtoLibPos.csproj", "{2002B4D6-37AA-4EB9-B261-8F0F34B375E5}"
EndProject
Project("{2150E333-8FDC-42A3-9474-1A3956D46DE8}") = "IProvider", "IProvider", "{7594381E-7F1C-44E2-BFCF-CAC1B5D36F4A}"
EndProject
Project("{2150E333-8FDC-42A3-9474-1A3956D46DE8}") = "Provider", "Provider", "{BACC3351-1975-49E0-8476-A7C1E1104A29}"
EndProject
Project("{2150E333-8FDC-42A3-9474-1A3956D46DE8}") = "Pos", "Pos", "{A69DDBE1-693C-46FE-B287-9ED489530F91}"
EndProject
Project("{FAE04EC0-301F-11D3-BF4B-00C04F79EFBC}") = "IPos", "IPos\IPos.csproj", "{E491EC14-4DBF-4162-A312-643A53119503}"
EndProject
Project("{FAE04EC0-301F-11D3-BF4B-00C04F79EFBC}") = "ProvPos", "ProvPos\ProvPos.csproj", "{FF479448-5A9F-46C9-9C66-E231085FB1EB}"
EndProject
Project("{2150E333-8FDC-42A3-9474-1A3956D46DE8}") = "Entitys", "Entitys", "{F6E1666F-84B5-4E5C-B077-CB13916E4C42}"
EndProject
Project("{FAE04EC0-301F-11D3-BF4B-00C04F79EFBC}") = "LibEntityPos", "LibEntityPos\LibEntityPos.csproj", "{846BC44F-36E8-444B-8B64-B4B3F191E9C2}"
EndProject
Project("{FAE04EC0-301F-11D3-BF4B-00C04F79EFBC}") = "ServicePos", "ServicePos\ServicePos.csproj", "{C78B98E8-6642-4567-88A5-01AFE6AA2E34}"
EndProject
Project("{FAE04EC0-301F-11D3-BF4B-00C04F79EFBC}") = "ConsoleTest", "ConsoleTest\ConsoleTest.csproj", "{2F0DDCFB-F51F-4CEB-AD5E-529F2777FE84}"
EndProject
Project("{FAE04EC0-301F-11D3-BF4B-00C04F79EFBC}") = "DtoTransporte", "DtoTransporte\DtoTransporte.csproj", "{6E9D0E29-EF5F-413F-B3A1-DF076C0C2DB3}"
EndProject
Global
	GlobalSection(SolutionConfigurationPlatforms) = preSolution
		Debug|Any CPU = Debug|Any CPU
		Release|Any CPU = Release|Any CPU
	EndGlobalSection
	GlobalSection(ProjectConfigurationPlatforms) = postSolution
		{A5A4936C-22D5-4862-953E-8296C3820A63}.Debug|Any CPU.ActiveCfg = Debug|Any CPU
		{A5A4936C-22D5-4862-953E-8296C3820A63}.Debug|Any CPU.Build.0 = Debug|Any CPU
		{A5A4936C-22D5-4862-953E-8296C3820A63}.Release|Any CPU.ActiveCfg = Release|Any CPU
		{A5A4936C-22D5-4862-953E-8296C3820A63}.Release|Any CPU.Build.0 = Release|Any CPU
		{C535B8D1-86C3-47B1-BE9F-AE716AEF2187}.Debug|Any CPU.ActiveCfg = Debug|Any CPU
		{C535B8D1-86C3-47B1-BE9F-AE716AEF2187}.Debug|Any CPU.Build.0 = Debug|Any CPU
		{C535B8D1-86C3-47B1-BE9F-AE716AEF2187}.Release|Any CPU.ActiveCfg = Release|Any CPU
		{C535B8D1-86C3-47B1-BE9F-AE716AEF2187}.Release|Any CPU.Build.0 = Release|Any CPU
		{317543D0-B357-4BBA-8BA1-84FA25F4EFA6}.Debug|Any CPU.ActiveCfg = Debug|Any CPU
		{317543D0-B357-4BBA-8BA1-84FA25F4EFA6}.Debug|Any CPU.Build.0 = Debug|Any CPU
		{317543D0-B357-4BBA-8BA1-84FA25F4EFA6}.Release|Any CPU.ActiveCfg = Release|Any CPU
		{317543D0-B357-4BBA-8BA1-84FA25F4EFA6}.Release|Any CPU.Build.0 = Release|Any CPU
		{2002B4D6-37AA-4EB9-B261-8F0F34B375E5}.Debug|Any CPU.ActiveCfg = Debug|Any CPU
		{2002B4D6-37AA-4EB9-B261-8F0F34B375E5}.Debug|Any CPU.Build.0 = Debug|Any CPU
		{2002B4D6-37AA-4EB9-B261-8F0F34B375E5}.Release|Any CPU.ActiveCfg = Release|Any CPU
		{2002B4D6-37AA-4EB9-B261-8F0F34B375E5}.Release|Any CPU.Build.0 = Release|Any CPU
		{E491EC14-4DBF-4162-A312-643A53119503}.Debug|Any CPU.ActiveCfg = Debug|Any CPU
		{E491EC14-4DBF-4162-A312-643A53119503}.Debug|Any CPU.Build.0 = Debug|Any CPU
		{E491EC14-4DBF-4162-A312-643A53119503}.Release|Any CPU.ActiveCfg = Release|Any CPU
		{E491EC14-4DBF-4162-A312-643A53119503}.Release|Any CPU.Build.0 = Release|Any CPU
		{FF479448-5A9F-46C9-9C66-E231085FB1EB}.Debug|Any CPU.ActiveCfg = Debug|Any CPU
		{FF479448-5A9F-46C9-9C66-E231085FB1EB}.Debug|Any CPU.Build.0 = Debug|Any CPU
		{FF479448-5A9F-46C9-9C66-E231085FB1EB}.Release|Any CPU.ActiveCfg = Release|Any CPU
		{FF479448-5A9F-46C9-9C66-E231085FB1EB}.Release|Any CPU.Build.0 = Release|Any CPU
		{846BC44F-36E8-444B-8B64-B4B3F191E9C2}.Debug|Any CPU.ActiveCfg = Debug|Any CPU
		{846BC44F-36E8-444B-8B64-B4B3F191E9C2}.Debug|Any CPU.Build.0 = Debug|Any CPU
		{846BC44F-36E8-444B-8B64-B4B3F191E9C2}.Release|Any CPU.ActiveCfg = Release|Any CPU
		{846BC44F-36E8-444B-8B64-B4B3F191E9C2}.Release|Any CPU.Build.0 = Release|Any CPU
		{C78B98E8-6642-4567-88A5-01AFE6AA2E34}.Debug|Any CPU.ActiveCfg = Debug|Any CPU
		{C78B98E8-6642-4567-88A5-01AFE6AA2E34}.Debug|Any CPU.Build.0 = Debug|Any CPU
		{C78B98E8-6642-4567-88A5-01AFE6AA2E34}.Release|Any CPU.ActiveCfg = Release|Any CPU
		{C78B98E8-6642-4567-88A5-01AFE6AA2E34}.Release|Any CPU.Build.0 = Release|Any CPU
		{2F0DDCFB-F51F-4CEB-AD5E-529F2777FE84}.Debug|Any CPU.ActiveCfg = Debug|Any CPU
		{2F0DDCFB-F51F-4CEB-AD5E-529F2777FE84}.Debug|Any CPU.Build.0 = Debug|Any CPU
		{2F0DDCFB-F51F-4CEB-AD5E-529F2777FE84}.Release|Any CPU.ActiveCfg = Release|Any CPU
		{2F0DDCFB-F51F-4CEB-AD5E-529F2777FE84}.Release|Any CPU.Build.0 = Release|Any CPU
		{6E9D0E29-EF5F-413F-B3A1-DF076C0C2DB3}.Debug|Any CPU.ActiveCfg = Debug|Any CPU
		{6E9D0E29-EF5F-413F-B3A1-DF076C0C2DB3}.Debug|Any CPU.Build.0 = Debug|Any CPU
		{6E9D0E29-EF5F-413F-B3A1-DF076C0C2DB3}.Release|Any CPU.ActiveCfg = Release|Any CPU
		{6E9D0E29-EF5F-413F-B3A1-DF076C0C2DB3}.Release|Any CPU.Build.0 = Release|Any CPU
	EndGlobalSection
	GlobalSection(SolutionProperties) = preSolution
		HideSolutionNode = FALSE
	EndGlobalSection
	GlobalSection(NestedProjects) = preSolution
		{E2165F85-2C4E-425D-BBB1-1E12B64D2FCA} = {9EE64EA4-9140-43F4-8098-CB902F608F23}
		{317543D0-B357-4BBA-8BA1-84FA25F4EFA6} = {E2165F85-2C4E-425D-BBB1-1E12B64D2FCA}
		{2002B4D6-37AA-4EB9-B261-8F0F34B375E5} = {E2165F85-2C4E-425D-BBB1-1E12B64D2FCA}
		{7594381E-7F1C-44E2-BFCF-CAC1B5D36F4A} = {9EE64EA4-9140-43F4-8098-CB902F608F23}
		{BACC3351-1975-49E0-8476-A7C1E1104A29} = {9EE64EA4-9140-43F4-8098-CB902F608F23}
		{A69DDBE1-693C-46FE-B287-9ED489530F91} = {7594381E-7F1C-44E2-BFCF-CAC1B5D36F4A}
		{E491EC14-4DBF-4162-A312-643A53119503} = {A69DDBE1-693C-46FE-B287-9ED489530F91}
		{FF479448-5A9F-46C9-9C66-E231085FB1EB} = {BACC3351-1975-49E0-8476-A7C1E1104A29}
		{F6E1666F-84B5-4E5C-B077-CB13916E4C42} = {9EE64EA4-9140-43F4-8098-CB902F608F23}
		{846BC44F-36E8-444B-8B64-B4B3F191E9C2} = {F6E1666F-84B5-4E5C-B077-CB13916E4C42}
		{C78B98E8-6642-4567-88A5-01AFE6AA2E34} = {355F2CC8-7391-46CB-ADCB-C834F61F533D}
		{2F0DDCFB-F51F-4CEB-AD5E-529F2777FE84} = {9EE64EA4-9140-43F4-8098-CB902F608F23}
		{6E9D0E29-EF5F-413F-B3A1-DF076C0C2DB3} = {E2165F85-2C4E-425D-BBB1-1E12B64D2FCA}
	EndGlobalSection
EndGlobal
